
Microsoft Visual Studio Solution File, Format Version 12.00
# Visual Studio Version 17
VisualStudioVersion = 17.0.31903.59
MinimumVisualStudioVersion = 10.0.40219.1
Project("{2150E333-8FDC-42A3-9474-1A3956D46DE8}") = "services", "services", "{5854FF58-B8C5-05C6-5BF2-ACE42193F22B}"
EndProject
Project("{2150E333-8FDC-42A3-9474-1A3956D46DE8}") = "OrderService", "OrderService", "{05772A79-6677-48D6-4812-5BDCDF485F71}"
EndProject
Project("{2150E333-8FDC-42A3-9474-1A3956D46DE8}") = "OrderService.api", "OrderService.api", "{724A800B-492C-F94B-BAA4-DB164C3457FE}"
EndProject
Project("{FAE04EC0-301F-11D3-BF4B-00C04F79EFBC}") = "OrderService.Api", "services\OrderService\OrderService.api\OrderService.Api.csproj", "{4586CE35-900C-4B6D-A3DC-B61E2B295A40}"
EndProject
Project("{2150E333-8FDC-42A3-9474-1A3956D46DE8}") = "OrderService.application", "OrderService.application", "{96D97794-770B-2E1F-951A-01F56BD6397B}"
EndProject
Project("{FAE04EC0-301F-11D3-BF4B-00C04F79EFBC}") = "OrderService.Application", "services\OrderService\OrderService.application\OrderService.Application.csproj", "{6A2C9063-226D-4285-A77A-63313C2C59D1}"
EndProject
Project("{2150E333-8FDC-42A3-9474-1A3956D46DE8}") = "OrderService.domain", "OrderService.domain", "{CEB4C7DF-A083-7AAC-3276-C8A4F1A62861}"
EndProject
Project("{FAE04EC0-301F-11D3-BF4B-00C04F79EFBC}") = "OrderService.Domain", "services\OrderService\OrderService.domain\OrderService.Domain.csproj", "{7828BC13-743C-41A0-B1CD-1DBC3B61C7CC}"
EndProject
Project("{2150E333-8FDC-42A3-9474-1A3956D46DE8}") = "OrderService.infrastructure", "OrderService.infrastructure", "{7311DA4B-D251-E3FC-4EA8-DC3985133CD9}"
EndProject
Project("{FAE04EC0-301F-11D3-BF4B-00C04F79EFBC}") = "OrderService.Infrastructure", "services\OrderService\OrderService.infrastructure\OrderService.Infrastructure.csproj", "{F33DD095-ECB4-4CC2-8F19-5CFADAE3CD78}"
EndProject
Project("{2150E333-8FDC-42A3-9474-1A3956D46DE8}") = "identityService", "identityService", "{DD206F60-1FAF-ED75-6FA2-9D7982884EA4}"
EndProject
Project("{2150E333-8FDC-42A3-9474-1A3956D46DE8}") = "identityservice.api", "identityservice.api", "{BABE0939-8AD1-63B2-4DDD-FE6EAA1BDD6E}"
EndProject
Project("{FAE04EC0-301F-11D3-BF4B-00C04F79EFBC}") = "IdentityService.Api", "services\identityService\identityservice.api\IdentityService.Api.csproj", "{2400AF68-034C-44BA-B3CE-D53BB4D42DF7}"
EndProject
Project("{2150E333-8FDC-42A3-9474-1A3956D46DE8}") = "identityservice.dal", "identityservice.dal", "{86A00184-49AB-8F50-0BC2-4FB6510FCE82}"
EndProject
Project("{FAE04EC0-301F-11D3-BF4B-00C04F79EFBC}") = "IdentityService.Dal", "services\identityService\identityservice.dal\IdentityService.Dal.csproj", "{D9FD5E1F-7803-4B56-94D9-91867131D452}"
EndProject
Project("{2150E333-8FDC-42A3-9474-1A3956D46DE8}") = "identityservice.logic", "identityservice.logic", "{74EE346F-3FCC-0802-553F-C83C79225ECE}"
EndProject
Project("{FAE04EC0-301F-11D3-BF4B-00C04F79EFBC}") = "IdentityService.Logic", "services\identityService\identityservice.logic\IdentityService.Logic.csproj", "{08B3F64E-2006-4383-917B-7166EF828DBB}"
EndProject
Project("{2150E333-8FDC-42A3-9474-1A3956D46DE8}") = "libs", "libs", "{6C4D298B-81FB-2B6B-5AB6-46205EDDC72C}"
EndProject
Project("{FAE04EC0-301F-11D3-BF4B-00C04F79EFBC}") = "CoreLib", "libs\CoreLib\CoreLib.csproj", "{44087EA5-71CE-4BFC-80F8-C28F06059014}"
EndProject
Project("{2150E333-8FDC-42A3-9474-1A3956D46DE8}") = "IdentityConnectionLib", "IdentityConnectionLib", "{E7E74910-4252-DB82-E16D-C46DAD7A545B}"
EndProject
Project("{FAE04EC0-301F-11D3-BF4B-00C04F79EFBC}") = "identityConnectionLib", "libs\IdentityConnectionLib\identityConnectionLib.csproj", "{2991CD44-AB1D-4821-BD02-A830612A9BFE}"
EndProject
Project("{2150E333-8FDC-42A3-9474-1A3956D46DE8}") = "SagaOrchestratorService", "SagaOrchestratorService", "{FF6332B9-7FEA-6C94-CFC4-530CBFAB2959}"
EndProject
Project("{FAE04EC0-301F-11D3-BF4B-00C04F79EFBC}") = "SagaOrchestrator.Api", "Services\SagaOrchestratorService\SagaOrchestrator.Api\SagaOrchestrator.Api.csproj", "{E6225490-9388-41AA-9B71-1D4350B59C7C}"
EndProject
Project("{FAE04EC0-301F-11D3-BF4B-00C04F79EFBC}") = "SagaOrchestrator.Logic", "Services\SagaOrchestratorService\SagaOrchestrator.Logic\SagaOrchestrator.Logic.csproj", "{3A0B3EDC-3B6D-4693-8075-681A2C19EFFE}"
EndProject
Global
	GlobalSection(SolutionConfigurationPlatforms) = preSolution
		Debug|Any CPU = Debug|Any CPU
		Debug|x64 = Debug|x64
		Debug|x86 = Debug|x86
		Release|Any CPU = Release|Any CPU
		Release|x64 = Release|x64
		Release|x86 = Release|x86
	EndGlobalSection
	GlobalSection(ProjectConfigurationPlatforms) = postSolution
		{4586CE35-900C-4B6D-A3DC-B61E2B295A40}.Debug|Any CPU.ActiveCfg = Debug|Any CPU
		{4586CE35-900C-4B6D-A3DC-B61E2B295A40}.Debug|Any CPU.Build.0 = Debug|Any CPU
		{4586CE35-900C-4B6D-A3DC-B61E2B295A40}.Debug|x64.ActiveCfg = Debug|Any CPU
		{4586CE35-900C-4B6D-A3DC-B61E2B295A40}.Debug|x64.Build.0 = Debug|Any CPU
		{4586CE35-900C-4B6D-A3DC-B61E2B295A40}.Debug|x86.ActiveCfg = Debug|Any CPU
		{4586CE35-900C-4B6D-A3DC-B61E2B295A40}.Debug|x86.Build.0 = Debug|Any CPU
		{4586CE35-900C-4B6D-A3DC-B61E2B295A40}.Release|Any CPU.ActiveCfg = Release|Any CPU
		{4586CE35-900C-4B6D-A3DC-B61E2B295A40}.Release|Any CPU.Build.0 = Release|Any CPU
		{4586CE35-900C-4B6D-A3DC-B61E2B295A40}.Release|x64.ActiveCfg = Release|Any CPU
		{4586CE35-900C-4B6D-A3DC-B61E2B295A40}.Release|x64.Build.0 = Release|Any CPU
		{4586CE35-900C-4B6D-A3DC-B61E2B295A40}.Release|x86.ActiveCfg = Release|Any CPU
		{4586CE35-900C-4B6D-A3DC-B61E2B295A40}.Release|x86.Build.0 = Release|Any CPU
		{6A2C9063-226D-4285-A77A-63313C2C59D1}.Debug|Any CPU.ActiveCfg = Debug|Any CPU
		{6A2C9063-226D-4285-A77A-63313C2C59D1}.Debug|Any CPU.Build.0 = Debug|Any CPU
		{6A2C9063-226D-4285-A77A-63313C2C59D1}.Debug|x64.ActiveCfg = Debug|Any CPU
		{6A2C9063-226D-4285-A77A-63313C2C59D1}.Debug|x64.Build.0 = Debug|Any CPU
		{6A2C9063-226D-4285-A77A-63313C2C59D1}.Debug|x86.ActiveCfg = Debug|Any CPU
		{6A2C9063-226D-4285-A77A-63313C2C59D1}.Debug|x86.Build.0 = Debug|Any CPU
		{6A2C9063-226D-4285-A77A-63313C2C59D1}.Release|Any CPU.ActiveCfg = Release|Any CPU
		{6A2C9063-226D-4285-A77A-63313C2C59D1}.Release|Any CPU.Build.0 = Release|Any CPU
		{6A2C9063-226D-4285-A77A-63313C2C59D1}.Release|x64.ActiveCfg = Release|Any CPU
		{6A2C9063-226D-4285-A77A-63313C2C59D1}.Release|x64.Build.0 = Release|Any CPU
		{6A2C9063-226D-4285-A77A-63313C2C59D1}.Release|x86.ActiveCfg = Release|Any CPU
		{6A2C9063-226D-4285-A77A-63313C2C59D1}.Release|x86.Build.0 = Release|Any CPU
		{7828BC13-743C-41A0-B1CD-1DBC3B61C7CC}.Debug|Any CPU.ActiveCfg = Debug|Any CPU
		{7828BC13-743C-41A0-B1CD-1DBC3B61C7CC}.Debug|Any CPU.Build.0 = Debug|Any CPU
		{7828BC13-743C-41A0-B1CD-1DBC3B61C7CC}.Debug|x64.ActiveCfg = Debug|Any CPU
		{7828BC13-743C-41A0-B1CD-1DBC3B61C7CC}.Debug|x64.Build.0 = Debug|Any CPU
		{7828BC13-743C-41A0-B1CD-1DBC3B61C7CC}.Debug|x86.ActiveCfg = Debug|Any CPU
		{7828BC13-743C-41A0-B1CD-1DBC3B61C7CC}.Debug|x86.Build.0 = Debug|Any CPU
		{7828BC13-743C-41A0-B1CD-1DBC3B61C7CC}.Release|Any CPU.ActiveCfg = Release|Any CPU
		{7828BC13-743C-41A0-B1CD-1DBC3B61C7CC}.Release|Any CPU.Build.0 = Release|Any CPU
		{7828BC13-743C-41A0-B1CD-1DBC3B61C7CC}.Release|x64.ActiveCfg = Release|Any CPU
		{7828BC13-743C-41A0-B1CD-1DBC3B61C7CC}.Release|x64.Build.0 = Release|Any CPU
		{7828BC13-743C-41A0-B1CD-1DBC3B61C7CC}.Release|x86.ActiveCfg = Release|Any CPU
		{7828BC13-743C-41A0-B1CD-1DBC3B61C7CC}.Release|x86.Build.0 = Release|Any CPU
		{F33DD095-ECB4-4CC2-8F19-5CFADAE3CD78}.Debug|Any CPU.ActiveCfg = Debug|Any CPU
		{F33DD095-ECB4-4CC2-8F19-5CFADAE3CD78}.Debug|Any CPU.Build.0 = Debug|Any CPU
		{F33DD095-ECB4-4CC2-8F19-5CFADAE3CD78}.Debug|x64.ActiveCfg = Debug|Any CPU
		{F33DD095-ECB4-4CC2-8F19-5CFADAE3CD78}.Debug|x64.Build.0 = Debug|Any CPU
		{F33DD095-ECB4-4CC2-8F19-5CFADAE3CD78}.Debug|x86.ActiveCfg = Debug|Any CPU
		{F33DD095-ECB4-4CC2-8F19-5CFADAE3CD78}.Debug|x86.Build.0 = Debug|Any CPU
		{F33DD095-ECB4-4CC2-8F19-5CFADAE3CD78}.Release|Any CPU.ActiveCfg = Release|Any CPU
		{F33DD095-ECB4-4CC2-8F19-5CFADAE3CD78}.Release|Any CPU.Build.0 = Release|Any CPU
		{F33DD095-ECB4-4CC2-8F19-5CFADAE3CD78}.Release|x64.ActiveCfg = Release|Any CPU
		{F33DD095-ECB4-4CC2-8F19-5CFADAE3CD78}.Release|x64.Build.0 = Release|Any CPU
		{F33DD095-ECB4-4CC2-8F19-5CFADAE3CD78}.Release|x86.ActiveCfg = Release|Any CPU
		{F33DD095-ECB4-4CC2-8F19-5CFADAE3CD78}.Release|x86.Build.0 = Release|Any CPU
		{2400AF68-034C-44BA-B3CE-D53BB4D42DF7}.Debug|Any CPU.ActiveCfg = Debug|Any CPU
		{2400AF68-034C-44BA-B3CE-D53BB4D42DF7}.Debug|Any CPU.Build.0 = Debug|Any CPU
		{2400AF68-034C-44BA-B3CE-D53BB4D42DF7}.Debug|x64.ActiveCfg = Debug|Any CPU
		{2400AF68-034C-44BA-B3CE-D53BB4D42DF7}.Debug|x64.Build.0 = Debug|Any CPU
		{2400AF68-034C-44BA-B3CE-D53BB4D42DF7}.Debug|x86.ActiveCfg = Debug|Any CPU
		{2400AF68-034C-44BA-B3CE-D53BB4D42DF7}.Debug|x86.Build.0 = Debug|Any CPU
		{2400AF68-034C-44BA-B3CE-D53BB4D42DF7}.Release|Any CPU.ActiveCfg = Release|Any CPU
		{2400AF68-034C-44BA-B3CE-D53BB4D42DF7}.Release|Any CPU.Build.0 = Release|Any CPU
		{2400AF68-034C-44BA-B3CE-D53BB4D42DF7}.Release|x64.ActiveCfg = Release|Any CPU
		{2400AF68-034C-44BA-B3CE-D53BB4D42DF7}.Release|x64.Build.0 = Release|Any CPU
		{2400AF68-034C-44BA-B3CE-D53BB4D42DF7}.Release|x86.ActiveCfg = Release|Any CPU
		{2400AF68-034C-44BA-B3CE-D53BB4D42DF7}.Release|x86.Build.0 = Release|Any CPU
		{D9FD5E1F-7803-4B56-94D9-91867131D452}.Debug|Any CPU.ActiveCfg = Debug|Any CPU
		{D9FD5E1F-7803-4B56-94D9-91867131D452}.Debug|Any CPU.Build.0 = Debug|Any CPU
		{D9FD5E1F-7803-4B56-94D9-91867131D452}.Debug|x64.ActiveCfg = Debug|Any CPU
		{D9FD5E1F-7803-4B56-94D9-91867131D452}.Debug|x64.Build.0 = Debug|Any CPU
		{D9FD5E1F-7803-4B56-94D9-91867131D452}.Debug|x86.ActiveCfg = Debug|Any CPU
		{D9FD5E1F-7803-4B56-94D9-91867131D452}.Debug|x86.Build.0 = Debug|Any CPU
		{D9FD5E1F-7803-4B56-94D9-91867131D452}.Release|Any CPU.ActiveCfg = Release|Any CPU
		{D9FD5E1F-7803-4B56-94D9-91867131D452}.Release|Any CPU.Build.0 = Release|Any CPU
		{D9FD5E1F-7803-4B56-94D9-91867131D452}.Release|x64.ActiveCfg = Release|Any CPU
		{D9FD5E1F-7803-4B56-94D9-91867131D452}.Release|x64.Build.0 = Release|Any CPU
		{D9FD5E1F-7803-4B56-94D9-91867131D452}.Release|x86.ActiveCfg = Release|Any CPU
		{D9FD5E1F-7803-4B56-94D9-91867131D452}.Release|x86.Build.0 = Release|Any CPU
		{08B3F64E-2006-4383-917B-7166EF828DBB}.Debug|Any CPU.ActiveCfg = Debug|Any CPU
		{08B3F64E-2006-4383-917B-7166EF828DBB}.Debug|Any CPU.Build.0 = Debug|Any CPU
		{08B3F64E-2006-4383-917B-7166EF828DBB}.Debug|x64.ActiveCfg = Debug|Any CPU
		{08B3F64E-2006-4383-917B-7166EF828DBB}.Debug|x64.Build.0 = Debug|Any CPU
		{08B3F64E-2006-4383-917B-7166EF828DBB}.Debug|x86.ActiveCfg = Debug|Any CPU
		{08B3F64E-2006-4383-917B-7166EF828DBB}.Debug|x86.Build.0 = Debug|Any CPU
		{08B3F64E-2006-4383-917B-7166EF828DBB}.Release|Any CPU.ActiveCfg = Release|Any CPU
		{08B3F64E-2006-4383-917B-7166EF828DBB}.Release|Any CPU.Build.0 = Release|Any CPU
		{08B3F64E-2006-4383-917B-7166EF828DBB}.Release|x64.ActiveCfg = Release|Any CPU
		{08B3F64E-2006-4383-917B-7166EF828DBB}.Release|x64.Build.0 = Release|Any CPU
		{08B3F64E-2006-4383-917B-7166EF828DBB}.Release|x86.ActiveCfg = Release|Any CPU
		{08B3F64E-2006-4383-917B-7166EF828DBB}.Release|x86.Build.0 = Release|Any CPU
		{44087EA5-71CE-4BFC-80F8-C28F06059014}.Debug|Any CPU.ActiveCfg = Debug|Any CPU
		{44087EA5-71CE-4BFC-80F8-C28F06059014}.Debug|Any CPU.Build.0 = Debug|Any CPU
		{44087EA5-71CE-4BFC-80F8-C28F06059014}.Debug|x64.ActiveCfg = Debug|Any CPU
		{44087EA5-71CE-4BFC-80F8-C28F06059014}.Debug|x64.Build.0 = Debug|Any CPU
		{44087EA5-71CE-4BFC-80F8-C28F06059014}.Debug|x86.ActiveCfg = Debug|Any CPU
		{44087EA5-71CE-4BFC-80F8-C28F06059014}.Debug|x86.Build.0 = Debug|Any CPU
		{44087EA5-71CE-4BFC-80F8-C28F06059014}.Release|Any CPU.ActiveCfg = Release|Any CPU
		{44087EA5-71CE-4BFC-80F8-C28F06059014}.Release|Any CPU.Build.0 = Release|Any CPU
		{44087EA5-71CE-4BFC-80F8-C28F06059014}.Release|x64.ActiveCfg = Release|Any CPU
		{44087EA5-71CE-4BFC-80F8-C28F06059014}.Release|x64.Build.0 = Release|Any CPU
		{44087EA5-71CE-4BFC-80F8-C28F06059014}.Release|x86.ActiveCfg = Release|Any CPU
		{44087EA5-71CE-4BFC-80F8-C28F06059014}.Release|x86.Build.0 = Release|Any CPU
		{2991CD44-AB1D-4821-BD02-A830612A9BFE}.Debug|Any CPU.ActiveCfg = Debug|Any CPU
		{2991CD44-AB1D-4821-BD02-A830612A9BFE}.Debug|Any CPU.Build.0 = Debug|Any CPU
		{2991CD44-AB1D-4821-BD02-A830612A9BFE}.Debug|x64.ActiveCfg = Debug|Any CPU
		{2991CD44-AB1D-4821-BD02-A830612A9BFE}.Debug|x64.Build.0 = Debug|Any CPU
		{2991CD44-AB1D-4821-BD02-A830612A9BFE}.Debug|x86.ActiveCfg = Debug|Any CPU
		{2991CD44-AB1D-4821-BD02-A830612A9BFE}.Debug|x86.Build.0 = Debug|Any CPU
		{2991CD44-AB1D-4821-BD02-A830612A9BFE}.Release|Any CPU.ActiveCfg = Release|Any CPU
		{2991CD44-AB1D-4821-BD02-A830612A9BFE}.Release|Any CPU.Build.0 = Release|Any CPU
		{2991CD44-AB1D-4821-BD02-A830612A9BFE}.Release|x64.ActiveCfg = Release|Any CPU
		{2991CD44-AB1D-4821-BD02-A830612A9BFE}.Release|x64.Build.0 = Release|Any CPU
		{2991CD44-AB1D-4821-BD02-A830612A9BFE}.Release|x86.ActiveCfg = Release|Any CPU
		{2991CD44-AB1D-4821-BD02-A830612A9BFE}.Release|x86.Build.0 = Release|Any CPU
		{E6225490-9388-41AA-9B71-1D4350B59C7C}.Debug|Any CPU.ActiveCfg = Debug|Any CPU
		{E6225490-9388-41AA-9B71-1D4350B59C7C}.Debug|Any CPU.Build.0 = Debug|Any CPU
		{E6225490-9388-41AA-9B71-1D4350B59C7C}.Debug|x64.ActiveCfg = Debug|Any CPU
		{E6225490-9388-41AA-9B71-1D4350B59C7C}.Debug|x64.Build.0 = Debug|Any CPU
		{E6225490-9388-41AA-9B71-1D4350B59C7C}.Debug|x86.ActiveCfg = Debug|Any CPU
		{E6225490-9388-41AA-9B71-1D4350B59C7C}.Debug|x86.Build.0 = Debug|Any CPU
		{E6225490-9388-41AA-9B71-1D4350B59C7C}.Release|Any CPU.ActiveCfg = Release|Any CPU
		{E6225490-9388-41AA-9B71-1D4350B59C7C}.Release|Any CPU.Build.0 = Release|Any CPU
		{E6225490-9388-41AA-9B71-1D4350B59C7C}.Release|x64.ActiveCfg = Release|Any CPU
		{E6225490-9388-41AA-9B71-1D4350B59C7C}.Release|x64.Build.0 = Release|Any CPU
		{E6225490-9388-41AA-9B71-1D4350B59C7C}.Release|x86.ActiveCfg = Release|Any CPU
		{E6225490-9388-41AA-9B71-1D4350B59C7C}.Release|x86.Build.0 = Release|Any CPU
		{3A0B3EDC-3B6D-4693-8075-681A2C19EFFE}.Debug|Any CPU.ActiveCfg = Debug|Any CPU
		{3A0B3EDC-3B6D-4693-8075-681A2C19EFFE}.Debug|Any CPU.Build.0 = Debug|Any CPU
		{3A0B3EDC-3B6D-4693-8075-681A2C19EFFE}.Debug|x64.ActiveCfg = Debug|Any CPU
		{3A0B3EDC-3B6D-4693-8075-681A2C19EFFE}.Debug|x64.Build.0 = Debug|Any CPU
		{3A0B3EDC-3B6D-4693-8075-681A2C19EFFE}.Debug|x86.ActiveCfg = Debug|Any CPU
		{3A0B3EDC-3B6D-4693-8075-681A2C19EFFE}.Debug|x86.Build.0 = Debug|Any CPU
		{3A0B3EDC-3B6D-4693-8075-681A2C19EFFE}.Release|Any CPU.ActiveCfg = Release|Any CPU
		{3A0B3EDC-3B6D-4693-8075-681A2C19EFFE}.Release|Any CPU.Build.0 = Release|Any CPU
		{3A0B3EDC-3B6D-4693-8075-681A2C19EFFE}.Release|x64.ActiveCfg = Release|Any CPU
		{3A0B3EDC-3B6D-4693-8075-681A2C19EFFE}.Release|x64.Build.0 = Release|Any CPU
		{3A0B3EDC-3B6D-4693-8075-681A2C19EFFE}.Release|x86.ActiveCfg = Release|Any CPU
		{3A0B3EDC-3B6D-4693-8075-681A2C19EFFE}.Release|x86.Build.0 = Release|Any CPU
	EndGlobalSection
	GlobalSection(SolutionProperties) = preSolution
		HideSolutionNode = FALSE
	EndGlobalSection
	GlobalSection(NestedProjects) = preSolution
		{05772A79-6677-48D6-4812-5BDCDF485F71} = {5854FF58-B8C5-05C6-5BF2-ACE42193F22B}
		{724A800B-492C-F94B-BAA4-DB164C3457FE} = {05772A79-6677-48D6-4812-5BDCDF485F71}
		{4586CE35-900C-4B6D-A3DC-B61E2B295A40} = {724A800B-492C-F94B-BAA4-DB164C3457FE}
		{96D97794-770B-2E1F-951A-01F56BD6397B} = {05772A79-6677-48D6-4812-5BDCDF485F71}
		{6A2C9063-226D-4285-A77A-63313C2C59D1} = {96D97794-770B-2E1F-951A-01F56BD6397B}
		{CEB4C7DF-A083-7AAC-3276-C8A4F1A62861} = {05772A79-6677-48D6-4812-5BDCDF485F71}
		{7828BC13-743C-41A0-B1CD-1DBC3B61C7CC} = {CEB4C7DF-A083-7AAC-3276-C8A4F1A62861}
		{7311DA4B-D251-E3FC-4EA8-DC3985133CD9} = {05772A79-6677-48D6-4812-5BDCDF485F71}
		{F33DD095-ECB4-4CC2-8F19-5CFADAE3CD78} = {7311DA4B-D251-E3FC-4EA8-DC3985133CD9}
		{DD206F60-1FAF-ED75-6FA2-9D7982884EA4} = {5854FF58-B8C5-05C6-5BF2-ACE42193F22B}
		{BABE0939-8AD1-63B2-4DDD-FE6EAA1BDD6E} = {DD206F60-1FAF-ED75-6FA2-9D7982884EA4}
		{2400AF68-034C-44BA-B3CE-D53BB4D42DF7} = {BABE0939-8AD1-63B2-4DDD-FE6EAA1BDD6E}
		{86A00184-49AB-8F50-0BC2-4FB6510FCE82} = {DD206F60-1FAF-ED75-6FA2-9D7982884EA4}
		{D9FD5E1F-7803-4B56-94D9-91867131D452} = {86A00184-49AB-8F50-0BC2-4FB6510FCE82}
		{74EE346F-3FCC-0802-553F-C83C79225ECE} = {DD206F60-1FAF-ED75-6FA2-9D7982884EA4}
		{08B3F64E-2006-4383-917B-7166EF828DBB} = {74EE346F-3FCC-0802-553F-C83C79225ECE}
		{44087EA5-71CE-4BFC-80F8-C28F06059014} = {6C4D298B-81FB-2B6B-5AB6-46205EDDC72C}
		{E7E74910-4252-DB82-E16D-C46DAD7A545B} = {6C4D298B-81FB-2B6B-5AB6-46205EDDC72C}
		{2991CD44-AB1D-4821-BD02-A830612A9BFE} = {E7E74910-4252-DB82-E16D-C46DAD7A545B}
		{FF6332B9-7FEA-6C94-CFC4-530CBFAB2959} = {5854FF58-B8C5-05C6-5BF2-ACE42193F22B}
		{E6225490-9388-41AA-9B71-1D4350B59C7C} = {FF6332B9-7FEA-6C94-CFC4-530CBFAB2959}
		{3A0B3EDC-3B6D-4693-8075-681A2C19EFFE} = {FF6332B9-7FEA-6C94-CFC4-530CBFAB2959}
	EndGlobalSection
EndGlobal
